github.com/bufbuild/protovalidate v0.3.1 h1:kTUVlT0nWxYy+sZc8r10PCYtCUkhgfMn3Rp7gh5h0Lw=
github.com/envoyproxy/protoc-gen-validate v1.3.0 h1:ZZ5JyUkmrj9OBHM+gOCzeL5L/pAKVbsUl051yhhJTjU=
github.com/googleapis/googleapis v0.0.0-20260127023315-a3647b486682580b8f0dd2851fb9cb3999cef93a h1:jgvIZqM2FfaYqzg3Uj8Ej70z2FI7vQA3ugkPZkH3DhA=
